{
  "lockfileVersion": 1,
  "configVersion": 1,
  "workspaces": {
    "": {
      "dependencies": {
        "@opencode-ai/plugin": "1.1.7",
      },
    },
  },
  "packages": {
    "@opencode-ai/plugin": ["@opencode-ai/plugin@1.1.7", "", { "dependencies": { "@opencode-ai/sdk": "1.1.7", "zod": "4.1.8" } }, "sha512-fndtL2qGmh1tVt/ZjbqwBB4ArcZQ7ldp0ak9ByAWAbYtjbAywzQDzcOIi7TdEUgi+P2y25mbo0gJzVcL3Vr5OA=="],

    "@opencode-ai/sdk": ["@opencode-ai/sdk@1.1.7", "", {}, "sha512-rE+Ks+iBt47Y057adzGf4/IZ/kWrfGdLJpX8LfZDeoeltbZff+6bqmAIsF5WCrcJHD+nanAihetCfSGIiT2auA=="],

    "zod": ["zod@4.1.8", "", {}, "sha512-5R1P+WwQqmmMIEACyzSvo4JXHY5WiAFHRMg+zBZKgKS+Q1viRa0C1hmUKtHltoIFKtIdki3pRxkmpP74jnNYHQ=="],
  }
}
