{
  "lockfileVersion": 1,
  "configVersion": 0,
  "workspaces": {
    "": {
      "dependencies": {
        "@ai-sdk/openai": "^3.0.21",
        "@opencode-ai/plugin": "1.2.14",
      },
    },
  },
  "packages": {
    "@ai-sdk/openai": ["@ai-sdk/openai@3.0.23", "", { "dependencies": { "@ai-sdk/provider": "3.0.6", "@ai-sdk/provider-utils": "4.0.11" }, "peerDependencies": { "zod": "^3.25.76 || ^4.1.8" } }, "sha512-vFfFadJH+hbrgI4lhC9H/r8qPzuFJFUwZNS8oMI8KujO/woovbE1EWOOGMRGtNVL8PrhhxBfgJzvOKdux3c1gw=="],

    "@ai-sdk/provider": ["@ai-sdk/provider@3.0.6", "", { "dependencies": { "json-schema": "^0.4.0" } }, "sha512-hSfoJtLtpMd7YxKM+iTqlJ0ZB+kJ83WESMiWuWrNVey3X8gg97x0OdAAaeAeclZByCX3UdPOTqhvJdK8qYA3ww=="],

    "@ai-sdk/provider-utils": ["@ai-sdk/provider-utils@4.0.11", "", { "dependencies": { "@ai-sdk/provider": "3.0.6", "@standard-schema/spec": "^1.1.0", "eventsource-parser": "^3.0.6" }, "peerDependencies": { "zod": "^3.25.76 || ^4.1.8" } }, "sha512-y/WOPpcZaBjvNaogy83mBsCRPvbtaK0y1sY9ckRrrbTGMvG2HC/9Y/huqNXKnLAxUIME2PGa2uvF2CDwIsxoXQ=="],

    "@opencode-ai/plugin": ["@opencode-ai/plugin@1.2.14", "", { "dependencies": { "@opencode-ai/sdk": "1.2.14", "zod": "4.1.8" } }, "sha512-36dPaIaNPMjA5jnFAbOzvKe78dbUkKXF8hgs8PNRXiAaTSzoIapBC/xkADVRO66tmLyZhoGFSBkVeJUpOyyiew=="],

    "@opencode-ai/sdk": ["@opencode-ai/sdk@1.2.14", "", {}, "sha512-nPkWAmzgPJYyfCJAV4NG7HTfN/iuO3B6fv8sT26NhPiR+EqD9i8sh4X1LwI7wEbbMOwWOX1PhrssW6gXQOOQZQ=="],

    "@standard-schema/spec": ["@standard-schema/spec@1.1.0", "", {}, "sha512-l2aFy5jALhniG5HgqrD6jXLi/rUWrKvqN/qJx6yoJsgKhblVd+iqqU4RCXavm/jPityDo5TCvKMnpjKnOriy0w=="],

    "eventsource-parser": ["eventsource-parser@3.0.6", "", {}, "sha512-Vo1ab+QXPzZ4tCa8SwIHJFaSzy4R6SHf7BY79rFBDf0idraZWAkYrDjDj8uWaSm3S2TK+hJ7/t1CEmZ7jXw+pg=="],

    "json-schema": ["json-schema@0.4.0", "", {}, "sha512-es94M3nTIfsEPisRafak+HDLfHXnKBhV3vU5eqPcS3flIWqcxJWgXHXiey3YrpaNsanY5ei1VoYEbOzijuq9BA=="],

    "zod": ["zod@4.1.8", "", {}, "sha512-5R1P+WwQqmmMIEACyzSvo4JXHY5WiAFHRMg+zBZKgKS+Q1viRa0C1hmUKtHltoIFKtIdki3pRxkmpP74jnNYHQ=="],
  }
}
